
Microsoft Visual Studio Solution File, Format Version 12.00
# Visual Studio Version 17
VisualStudioVersion = 17.11.35312.102
MinimumVisualStudioVersion = 10.0.40219.1
Project("{FAE04EC0-301F-11D3-BF4B-00C04F79EFBC}") = "DecoratorPattern", "DecoratorPattern\DecoratorPattern.csproj", "{F168826B-96FD-4B08-9B72-D3632D4C8334}"
EndProject
Project("{FAE04EC0-301F-11D3-BF4B-00C04F79EFBC}") = "AbstractFactoryPattern", "AbstractFactoryPattern\AbstractFactoryPattern.csproj", "{CFF49701-ADAD-4B79-BB0E-3A1DA09B755E}"
EndProject
Project("{FAE04EC0-301F-11D3-BF4B-00C04F79EFBC}") = "FactoryMethodPattern", "FactoryMethodPattern\FactoryMethodPattern.csproj", "{6E79A98D-E9D1-419B-B8A0-ABAE50D7AE78}"
EndProject
Project("{FAE04EC0-301F-11D3-BF4B-00C04F79EFBC}") = "CompositePattern", "CompositePattern\CompositePattern.csproj", "{46267A0D-3811-432F-9C49-83E7BCA784B7}"
EndProject
Project("{FAE04EC0-301F-11D3-BF4B-00C04F79EFBC}") = "DelegationPattern", "DelegationPattern\DelegationPattern.csproj", "{9ED76B94-F871-4AB5-8985-866624EAD6A8}"
EndProject
Project("{FAE04EC0-301F-11D3-BF4B-00C04F79EFBC}") = "ExtensionObjectPattern", "ExtensionObjectPattern\ExtensionObjectPattern.csproj", "{1D9B1943-3E23-4D17-B5CD-80A4ABBA52EC}"
EndProject
Global
	GlobalSection(SolutionConfigurationPlatforms) = preSolution
		Debug|Any CPU = Debug|Any CPU
		Release|Any CPU = Release|Any CPU
	EndGlobalSection
	GlobalSection(ProjectConfigurationPlatforms) = postSolution
		{F168826B-96FD-4B08-9B72-D3632D4C8334}.Debug|Any CPU.ActiveCfg = Debug|Any CPU
		{F168826B-96FD-4B08-9B72-D3632D4C8334}.Debug|Any CPU.Build.0 = Debug|Any CPU
		{F168826B-96FD-4B08-9B72-D3632D4C8334}.Release|Any CPU.ActiveCfg = Release|Any CPU
		{F168826B-96FD-4B08-9B72-D3632D4C8334}.Release|Any CPU.Build.0 = Release|Any CPU
		{CFF49701-ADAD-4B79-BB0E-3A1DA09B755E}.Debug|Any CPU.ActiveCfg = Debug|Any CPU
		{CFF49701-ADAD-4B79-BB0E-3A1DA09B755E}.Debug|Any CPU.Build.0 = Debug|Any CPU
		{CFF49701-ADAD-4B79-BB0E-3A1DA09B755E}.Release|Any CPU.ActiveCfg = Release|Any CPU
		{CFF49701-ADAD-4B79-BB0E-3A1DA09B755E}.Release|Any CPU.Build.0 = Release|Any CPU
		{6E79A98D-E9D1-419B-B8A0-ABAE50D7AE78}.Debug|Any CPU.ActiveCfg = Debug|Any CPU
		{6E79A98D-E9D1-419B-B8A0-ABAE50D7AE78}.Debug|Any CPU.Build.0 = Debug|Any CPU
		{6E79A98D-E9D1-419B-B8A0-ABAE50D7AE78}.Release|Any CPU.ActiveCfg = Release|Any CPU
		{6E79A98D-E9D1-419B-B8A0-ABAE50D7AE78}.Release|Any CPU.Build.0 = Release|Any CPU
		{46267A0D-3811-432F-9C49-83E7BCA784B7}.Debug|Any CPU.ActiveCfg = Debug|Any CPU
		{46267A0D-3811-432F-9C49-83E7BCA784B7}.Debug|Any CPU.Build.0 = Debug|Any CPU
		{46267A0D-3811-432F-9C49-83E7BCA784B7}.Release|Any CPU.ActiveCfg = Release|Any CPU
		{46267A0D-3811-432F-9C49-83E7BCA784B7}.Release|Any CPU.Build.0 = Release|Any CPU
		{9ED76B94-F871-4AB5-8985-866624EAD6A8}.Debug|Any CPU.ActiveCfg = Debug|Any CPU
		{9ED76B94-F871-4AB5-8985-866624EAD6A8}.Debug|Any CPU.Build.0 = Debug|Any CPU
		{9ED76B94-F871-4AB5-8985-866624EAD6A8}.Release|Any CPU.ActiveCfg = Release|Any CPU
		{9ED76B94-F871-4AB5-8985-866624EAD6A8}.Release|Any CPU.Build.0 = Release|Any CPU
		{1D9B1943-3E23-4D17-B5CD-80A4ABBA52EC}.Debug|Any CPU.ActiveCfg = Debug|Any CPU
		{1D9B1943-3E23-4D17-B5CD-80A4ABBA52EC}.Debug|Any CPU.Build.0 = Debug|Any CPU
		{1D9B1943-3E23-4D17-B5CD-80A4ABBA52EC}.Release|Any CPU.ActiveCfg = Release|Any CPU
		{1D9B1943-3E23-4D17-B5CD-80A4ABBA52EC}.Release|Any CPU.Build.0 = Release|Any CPU
	EndGlobalSection
	GlobalSection(SolutionProperties) = preSolution
		HideSolutionNode = FALSE
	EndGlobalSection
	GlobalSection(ExtensibilityGlobals) = postSolution
		SolutionGuid = {094D8BA8-5A8E-44BB-AEC2-B5B1B6B5BC30}
	EndGlobalSection
EndGlobal
